// !$*UTF8*$!
{
	archiveVersion = 1;
	classes = {
	};
	objectVersion = 56;
	objects = {

/* Begin PBXBuildFile section */
		772933292A78C57C006B42F6 /* ViewController.swift in Sources */ = {isa = PBXBuildFile; fileRef = 772933282A78C57C006B42F6 /* ViewController.swift */; };
		7729332C2A78E974006B42F6 /* SpellViewModel.swift in Sources */ = {isa = PBXBuildFile; fileRef = 7729332B2A78E974006B42F6 /* SpellViewModel.swift */; };
		7729332F2A7A04CB006B42F6 /* MultipeerSession in Frameworks */ = {isa = PBXBuildFile; productRef = 7729332E2A7A04CB006B42F6 /* MultipeerSession */; };
		772933322A7A083C006B42F6 /* MenuView.swift in Sources */ = {isa = PBXBuildFile; fileRef = 772933312A7A083C006B42F6 /* MenuView.swift */; };
		776712092A847FBB0011362B /* ViewControllerMessage.swift in Sources */ = {isa = PBXBuildFile; fileRef = 776712082A847FBB0011362B /* ViewControllerMessage.swift */; };
		7767120B2A8483200011362B /* MessageLabel.swift in Sources */ = {isa = PBXBuildFile; fileRef = 7767120A2A8483200011362B /* MessageLabel.swift */; };
		7767120F2A848B4D0011362B /* StartShowButton.swift in Sources */ = {isa = PBXBuildFile; fileRef = 7767120E2A848B4D0011362B /* StartShowButton.swift */; };
		77767C612A7C88180043EC08 /* MultipeerController.swift in Sources */ = {isa = PBXBuildFile; fileRef = 77767C602A7C88180043EC08 /* MultipeerController.swift */; };
		77AC76CE2A85CF9C00564ADF /* ViewStartController.swift in Sources */ = {isa = PBXBuildFile; fileRef = 77AC76CD2A85CF9C00564ADF /* ViewStartController.swift */; };
		77AC76D02A85D04200564ADF /* StartViewModel.swift in Sources */ = {isa = PBXBuildFile; fileRef = 77AC76CF2A85D04200564ADF /* StartViewModel.swift */; };
		77AC76D22A85DEF200564ADF /* ViewCounterController.swift in Sources */ = {isa = PBXBuildFile; fileRef = 77AC76D12A85DEF200564ADF /* ViewCounterController.swift */; };
		77AF6AFD2A89C2C7000DF49B /* MenuExperience.rcproject in Sources */ = {isa = PBXBuildFile; fileRef = 77767C622A7C9E110043EC08 /* MenuExperience.rcproject */; };
		77AF6B002A89CE6A000DF49B /* FocusEntity in Frameworks */ = {isa = PBXBuildFile; productRef = 77AF6AFF2A89CE6A000DF49B /* FocusEntity */; };
		77AF6B022A8A7A87000DF49B /* ARObjectViewModel.swift in Sources */ = {isa = PBXBuildFile; fileRef = 77AF6B012A8A7A87000DF49B /* ARObjectViewModel.swift */; };
		77C1F9332A735E3F00D2FBD2 /* AppDelegate.swift in Sources */ = {isa = PBXBuildFile; fileRef = 77C1F9322A735E3F00D2FBD2 /* AppDelegate.swift */; };
		77C1F9352A735E3F00D2FBD2 /* ContentView.swift in Sources */ = {isa = PBXBuildFile; fileRef = 77C1F9342A735E3F00D2FBD2 /* ContentView.swift */; };
		77C1F9372A735E3F00D2FBD2 /* Experience.rcproject in Sources */ = {isa = PBXBuildFile; fileRef = 77C1F9362A735E3F00D2FBD2 /* Experience.rcproject */; };
		77C1F9392A735E4000D2FBD2 /* Assets.xcassets in Resources */ = {isa = PBXBuildFile; fileRef = 77C1F9382A735E4000D2FBD2 /* Assets.xcassets */; };
		77C1F93C2A735E4000D2FBD2 /* Preview Assets.xcassets in Resources */ = {isa = PBXBuildFile; fileRef = 77C1F93B2A735E4000D2FBD2 /* Preview Assets.xcassets */; };
		77C1F9492A736D4200D2FBD2 /* SpellshootButton.swift in Sources */ = {isa = PBXBuildFile; fileRef = 77C1F9482A736D4200D2FBD2 /* SpellshootButton.swift */; };
/* End PBXBuildFile section */

/* Begin PBXFileReference section */
		772933282A78C57C006B42F6 /* ViewController.swift */ = {isa = PBXFileReference; lastKnownFileType = sourcecode.swift; path = ViewController.swift; sourceTree = "<group>"; };
		7729332B2A78E974006B42F6 /* SpellViewModel.swift */ = {isa = PBXFileReference; lastKnownFileType = sourcecode.swift; path = SpellViewModel.swift; sourceTree = "<group>"; };
		772933312A7A083C006B42F6 /* MenuView.swift */ = {isa = PBXFileReference; lastKnownFileType = sourcecode.swift; path = MenuView.swift; sourceTree = "<group>"; };
		772933382A7AA103006B42F6 /* Info.plist */ = {isa = PBXFileReference; lastKnownFileType = text.plist; path = Info.plist; sourceTree = "<group>"; };
		776712082A847FBB0011362B /* ViewControllerMessage.swift */ = {isa = PBXFileReference; lastKnownFileType = sourcecode.swift; path = ViewControllerMessage.swift; sourceTree = "<group>"; };
		7767120A2A8483200011362B /* MessageLabel.swift */ = {isa = PBXFileReference; lastKnownFileType = sourcecode.swift; path = MessageLabel.swift; sourceTree = "<group>"; };
		7767120E2A848B4D0011362B /* StartShowButton.swift */ = {isa = PBXFileReference; lastKnownFileType = sourcecode.swift; path = StartShowButton.swift; sourceTree = "<group>"; };
		77767C602A7C88180043EC08 /* MultipeerController.swift */ = {isa = PBXFileReference; lastKnownFileType = sourcecode.swift; path = MultipeerController.swift; sourceTree = "<group>"; };
		77767C622A7C9E110043EC08 /* MenuExperience.rcproject */ = {isa = PBXFileReference; lastKnownFileType = file.rcproject; path = MenuExperience.rcproject; sourceTree = "<group>"; };
		77AC76CD2A85CF9C00564ADF /* ViewStartController.swift */ = {isa = PBXFileReference; lastKnownFileType = sourcecode.swift; path = ViewStartController.swift; sourceTree = "<group>"; };
		77AC76CF2A85D04200564ADF /* StartViewModel.swift */ = {isa = PBXFileReference; lastKnownFileType = sourcecode.swift; path = StartViewModel.swift; sourceTree = "<group>"; };
		77AC76D12A85DEF200564ADF /* ViewCounterController.swift */ = {isa = PBXFileReference; lastKnownFileType = sourcecode.swift; path = ViewCounterController.swift; sourceTree = "<group>"; };
		77AC76D32A85E0CD00564ADF /* PlayerHitPointExperience.rcproject */ = {isa = PBXFileReference; lastKnownFileType = file.rcproject; path = PlayerHitPointExperience.rcproject; sourceTree = "<group>"; };
		77AF6B012A8A7A87000DF49B /* ARObjectViewModel.swift */ = {isa = PBXFileReference; lastKnownFileType = sourcecode.swift; path = ARObjectViewModel.swift; sourceTree = "<group>"; };
		77C1F92F2A735E3F00D2FBD2 /* ARcane-MiniChallenge3.app */ = {isa = PBXFileReference; explicitFileType = wrapper.application; includeInIndex = 0; path = "ARcane-MiniChallenge3.app"; sourceTree = BUILT_PRODUCTS_DIR; };
		77C1F9322A735E3F00D2FBD2 /* AppDelegate.swift */ = {isa = PBXFileReference; lastKnownFileType = sourcecode.swift; path = AppDelegate.swift; sourceTree = "<group>"; };
		77C1F9342A735E3F00D2FBD2 /* ContentView.swift */ = {isa = PBXFileReference; lastKnownFileType = sourcecode.swift; path = ContentView.swift; sourceTree = "<group>"; };
		77C1F9362A735E3F00D2FBD2 /* Experience.rcproject */ = {isa = PBXFileReference; lastKnownFileType = file.rcproject; path = Experience.rcproject; sourceTree = "<group>"; };
		77C1F9382A735E4000D2FBD2 /* Assets.xcassets */ = {isa = PBXFileReference; lastKnownFileType = folder.assetcatalog; path = Assets.xcassets; sourceTree = "<group>"; };
		77C1F93B2A735E4000D2FBD2 /* Preview Assets.xcassets */ = {isa = PBXFileReference; lastKnownFileType = folder.assetcatalog; path = "Preview Assets.xcassets"; sourceTree = "<group>"; };
		77C1F9482A736D4200D2FBD2 /* SpellshootButton.swift */ = {isa = PBXFileReference; lastKnownFileType = sourcecode.swift; path = SpellshootButton.swift; sourceTree = "<group>"; };
/* End PBXFileReference section */

/* Begin PBXFrameworksBuildPhase section */
		77C1F92C2A735E3F00D2FBD2 /* Frameworks */ = {
			isa = PBXFrameworksBuildPhase;
			buildActionMask = 2147483647;
			files = (
				77AF6B002A89CE6A000DF49B /* FocusEntity in Frameworks */,
				7729332F2A7A04CB006B42F6 /* MultipeerSession in Frameworks */,
			);
			runOnlyForDeploymentPostprocessing = 0;
		};
/* End PBXFrameworksBuildPhase section */

/* Begin PBXGroup section */
		7729332A2A78E95A006B42F6 /* ViewModels */ = {
			isa = PBXGroup;
			children = (
				7729332B2A78E974006B42F6 /* SpellViewModel.swift */,
				77AC76CF2A85D04200564ADF /* StartViewModel.swift */,
				77AF6B012A8A7A87000DF49B /* ARObjectViewModel.swift */,
			);
			path = ViewModels;
			sourceTree = "<group>";
		};
		772933302A7A082B006B42F6 /* Views */ = {
			isa = PBXGroup;
			children = (
				772933312A7A083C006B42F6 /* MenuView.swift */,
			);
			path = Views;
			sourceTree = "<group>";
		};
		772933362A7A08A2006B42F6 /* ARControllers */ = {
			isa = PBXGroup;
			children = (
				772933282A78C57C006B42F6 /* ViewController.swift */,
				776712082A847FBB0011362B /* ViewControllerMessage.swift */,
				77AC76CD2A85CF9C00564ADF /* ViewStartController.swift */,
				77AC76D12A85DEF200564ADF /* ViewCounterController.swift */,
			);
			path = ARControllers;
			sourceTree = "<group>";
		};
		772933372A7A08B2006B42F6 /* Components */ = {
			isa = PBXGroup;
			children = (
				77C1F9482A736D4200D2FBD2 /* SpellshootButton.swift */,
				7767120A2A8483200011362B /* MessageLabel.swift */,
				7767120E2A848B4D0011362B /* StartShowButton.swift */,
			);
			path = Components;
			sourceTree = "<group>";
		};
		77AF6AFC2A89C287000DF49B /* Recovered References */ = {
			isa = PBXGroup;
			children = (
			);
			name = "Recovered References";
			sourceTree = "<group>";
		};
		77C1F9262A735E3F00D2FBD2 = {
			isa = PBXGroup;
			children = (
				77C1F9312A735E3F00D2FBD2 /* ARcane-MiniChallenge3 */,
				77C1F9302A735E3F00D2FBD2 /* Products */,
				77AF6AFC2A89C287000DF49B /* Recovered References */,
			);
			sourceTree = "<group>";
		};
		77C1F9302A735E3F00D2FBD2 /* Products */ = {
			isa = PBXGroup;
			children = (
				77C1F92F2A735E3F00D2FBD2 /* ARcane-MiniChallenge3.app */,
			);
			name = Products;
			sourceTree = "<group>";
		};
		77C1F9312A735E3F00D2FBD2 /* ARcane-MiniChallenge3 */ = {
			isa = PBXGroup;
			children = (
				772933382A7AA103006B42F6 /* Info.plist */,
				77C1F9322A735E3F00D2FBD2 /* AppDelegate.swift */,
				77C1F9342A735E3F00D2FBD2 /* ContentView.swift */,
				77AC76D32A85E0CD00564ADF /* PlayerHitPointExperience.rcproject */,
				77C1F9362A735E3F00D2FBD2 /* Experience.rcproject */,
				77767C622A7C9E110043EC08 /* MenuExperience.rcproject */,
				77C1F9382A735E4000D2FBD2 /* Assets.xcassets */,
				772933372A7A08B2006B42F6 /* Components */,
				772933362A7A08A2006B42F6 /* ARControllers */,
				772933302A7A082B006B42F6 /* Views */,
				7729332A2A78E95A006B42F6 /* ViewModels */,
				77C1F93A2A735E4000D2FBD2 /* Preview Content */,
				77767C602A7C88180043EC08 /* MultipeerController.swift */,
			);
			path = "ARcane-MiniChallenge3";
			sourceTree = "<group>";
		};
		77C1F93A2A735E4000D2FBD2 /* Preview Content */ = {
			isa = PBXGroup;
			children = (
				77C1F93B2A735E4000D2FBD2 /* Preview Assets.xcassets */,
			);
			path = "Preview Content";
			sourceTree = "<group>";
		};
/* End PBXGroup section */

/* Begin PBXNativeTarget section */
		77C1F92E2A735E3F00D2FBD2 /* ARcane-MiniChallenge3 */ = {
			isa = PBXNativeTarget;
			buildConfigurationList = 77C1F93F2A735E4000D2FBD2 /* Build configuration list for PBXNativeTarget "ARcane-MiniChallenge3" */;
			buildPhases = (
				77C1F92B2A735E3F00D2FBD2 /* Sources */,
				77C1F92C2A735E3F00D2FBD2 /* Frameworks */,
				77C1F92D2A735E3F00D2FBD2 /* Resources */,
			);
			buildRules = (
			);
			dependencies = (
			);
			name = "ARcane-MiniChallenge3";
			packageProductDependencies = (
				7729332E2A7A04CB006B42F6 /* MultipeerSession */,
				77AF6AFF2A89CE6A000DF49B /* FocusEntity */,
			);
			productName = "ARcane-MiniChallenge3";
			productReference = 77C1F92F2A735E3F00D2FBD2 /* ARcane-MiniChallenge3.app */;
			productType = "com.apple.product-type.application";
		};
/* End PBXNativeTarget section */

/* Begin PBXProject section */
		77C1F9272A735E3F00D2FBD2 /* Project object */ = {
			isa = PBXProject;
			attributes = {
				BuildIndependentTargetsInParallel = 1;
				LastSwiftUpdateCheck = 1430;
				LastUpgradeCheck = 1430;
				TargetAttributes = {
					77C1F92E2A735E3F00D2FBD2 = {
						CreatedOnToolsVersion = 14.3.1;
					};
				};
			};
			buildConfigurationList = 77C1F92A2A735E3F00D2FBD2 /* Build configuration list for PBXProject "ARcane-MiniChallenge3" */;
			compatibilityVersion = "Xcode 14.0";
			developmentRegion = en;
			hasScannedForEncodings = 0;
			knownRegions = (
				en,
				Base,
			);
			mainGroup = 77C1F9262A735E3F00D2FBD2;
			packageReferences = (
				7729332D2A7A04CB006B42F6 /* XCRemoteSwiftPackageReference "multipeer-session" */,
				77AF6AFE2A89CE6A000DF49B /* XCRemoteSwiftPackageReference "FocusEntity" */,
			);
			productRefGroup = 77C1F9302A735E3F00D2FBD2 /* Products */;
			projectDirPath = "";
			projectRoot = "";
			targets = (
				77C1F92E2A735E3F00D2FBD2 /* ARcane-MiniChallenge3 */,
			);
		};
/* End PBXProject section */

/* Begin PBXResourcesBuildPhase section */
		77C1F92D2A735E3F00D2FBD2 /* Resources */ = {
			isa = PBXResourcesBuildPhase;
			buildActionMask = 2147483647;
			files = (
				77C1F93C2A735E4000D2FBD2 /* Preview Assets.xcassets in Resources */,
				77C1F9392A735E4000D2FBD2 /* Assets.xcassets in Resources */,
			);
			runOnlyForDeploymentPostprocessing = 0;
		};
/* End PBXResourcesBuildPhase section */

/* Begin PBXSourcesBuildPhase section */
		77C1F92B2A735E3F00D2FBD2 /* Sources */ = {
			isa = PBXSourcesBuildPhase;
			buildActionMask = 2147483647;
			files = (
				772933322A7A083C006B42F6 /* MenuView.swift in Sources */,
				77767C612A7C88180043EC08 /* MultipeerController.swift in Sources */,
				77AC76D22A85DEF200564ADF /* ViewCounterController.swift in Sources */,
				772933292A78C57C006B42F6 /* ViewController.swift in Sources */,
				77C1F9352A735E3F00D2FBD2 /* ContentView.swift in Sources */,
				77C1F9332A735E3F00D2FBD2 /* AppDelegate.swift in Sources */,
				77C1F9492A736D4200D2FBD2 /* SpellshootButton.swift in Sources */,
				77AF6AFD2A89C2C7000DF49B /* MenuExperience.rcproject in Sources */,
				77AF6B022A8A7A87000DF49B /* ARObjectViewModel.swift in Sources */,
				77AC76D02A85D04200564ADF /* StartViewModel.swift in Sources */,
				7729332C2A78E974006B42F6 /* SpellViewModel.swift in Sources */,
				77AC76CE2A85CF9C00564ADF /* ViewStartController.swift in Sources */,
				7767120F2A848B4D0011362B /* StartShowButton.swift in Sources */,
				77C1F9372A735E3F00D2FBD2 /* Experience.rcproject in Sources */,
				7767120B2A8483200011362B /* MessageLabel.swift in Sources */,
				776712092A847FBB0011362B /* ViewControllerMessage.swift in Sources */,
			);
			runOnlyForDeploymentPostprocessing = 0;
		};
/* End PBXSourcesBuildPhase section */

/* Begin XCBuildConfiguration section */
		77C1F93D2A735E4000D2FBD2 /* Debug */ = {
			isa = XCBuildConfiguration;
			buildSettings = {
				ALWAYS_SEARCH_USER_PATHS = NO;
				CLANG_ANALYZER_NONNULL = YES;
				CLANG_ANALYZER_NUMBER_OBJECT_CONVERSION = YES_AGGRESSIVE;
				CLANG_CXX_LANGUAGE_STANDARD = "gnu++20";
				CLANG_ENABLE_MODULES = YES;
				CLANG_ENABLE_OBJC_ARC = YES;
				CLANG_ENABLE_OBJC_WEAK = YES;
				CLANG_WARN_BLOCK_CAPTURE_AUTORELEASING = YES;
				CLANG_WARN_BOOL_CONVERSION = YES;
				CLANG_WARN_COMMA = YES;
				CLANG_WARN_CONSTANT_CONVERSION = YES;
				CLANG_WARN_DEPRECATED_OBJC_IMPLEMENTATIONS = YES;
				CLANG_WARN_DIRECT_OBJC_ISA_USAGE = YES_ERROR;
				CLANG_WARN_DOCUMENTATION_COMMENTS = YES;
				CLANG_WARN_EMPTY_BODY = YES;
				CLANG_WARN_ENUM_CONVERSION = YES;
				CLANG_WARN_INFINITE_RECURSION = YES;
				CLANG_WARN_INT_CONVERSION = YES;
				CLANG_WARN_NON_LITERAL_NULL_CONVERSION = YES;
				CLANG_WARN_OBJC_IMPLICIT_RETAIN_SELF = YES;
				CLANG_WARN_OBJC_LITERAL_CONVERSION = YES;
				CLANG_WARN_OBJC_ROOT_CLASS = YES_ERROR;
				CLANG_WARN_QUOTED_INCLUDE_IN_FRAMEWORK_HEADER = YES;
				CLANG_WARN_RANGE_LOOP_ANALYSIS = YES;
				CLANG_WARN_STRICT_PROTOTYPES = YES;
				CLANG_WARN_SUSPICIOUS_MOVE = YES;
				CLANG_WARN_UNGUARDED_AVAILABILITY = YES_AGGRESSIVE;
				CLANG_WARN_UNREACHABLE_CODE = YES;
				CLANG_WARN__DUPLICATE_METHOD_MATCH = YES;
				COPY_PHASE_STRIP = NO;
				DEBUG_INFORMATION_FORMAT = dwarf;
				ENABLE_STRICT_OBJC_MSGSEND = YES;
				ENABLE_TESTABILITY = YES;
				GCC_C_LANGUAGE_STANDARD = gnu11;
				GCC_DYNAMIC_NO_PIC = NO;
				GCC_NO_COMMON_BLOCKS = YES;
				GCC_OPTIMIZATION_LEVEL = 0;
				GCC_PREPROCESSOR_DEFINITIONS = (
					"DEBUG=1",
					"$(inherited)",
				);
				GCC_WARN_64_TO_32_BIT_CONVERSION = YES;
				GCC_WARN_ABOUT_RETURN_TYPE = YES_ERROR;
				GCC_WARN_UNDECLARED_SELECTOR = YES;
				GCC_WARN_UNINITIALIZED_AUTOS = YES_AGGRESSIVE;
				GCC_WARN_UNUSED_FUNCTION = YES;
				GCC_WARN_UNUSED_VARIABLE = YES;
				IPHONEOS_DEPLOYMENT_TARGET = 15.6;
				MTL_ENABLE_DEBUG_INFO = INCLUDE_SOURCE;
				MTL_FAST_MATH = YES;
				ONLY_ACTIVE_ARCH = YES;
				SDKROOT = iphoneos;
				SWIFT_ACTIVE_COMPILATION_CONDITIONS = DEBUG;
				SWIFT_OPTIMIZATION_LEVEL = "-Onone";
			};
			name = Debug;
		};
		77C1F93E2A735E4000D2FBD2 /* Release */ = {
			isa = XCBuildConfiguration;
			buildSettings = {
				ALWAYS_SEARCH_USER_PATHS = NO;
				CLANG_ANALYZER_NONNULL = YES;
				CLANG_ANALYZER_NUMBER_OBJECT_CONVERSION = YES_AGGRESSIVE;
				CLANG_CXX_LANGUAGE_STANDARD = "gnu++20";
				CLANG_ENABLE_MODULES = YES;
				CLANG_ENABLE_OBJC_ARC = YES;
				CLANG_ENABLE_OBJC_WEAK = YES;
				CLANG_WARN_BLOCK_CAPTURE_AUTORELEASING = YES;
				CLANG_WARN_BOOL_CONVERSION = YES;
				CLANG_WARN_COMMA = YES;
				CLANG_WARN_CONSTANT_CONVERSION = YES;
				CLANG_WARN_DEPRECATED_OBJC_IMPLEMENTATIONS = YES;
				CLANG_WARN_DIRECT_OBJC_ISA_USAGE = YES_ERROR;
				CLANG_WARN_DOCUMENTATION_COMMENTS = YES;
				CLANG_WARN_EMPTY_BODY = YES;
				CLANG_WARN_ENUM_CONVERSION = YES;
				CLANG_WARN_INFINITE_RECURSION = YES;
				CLANG_WARN_INT_CONVERSION = YES;
				CLANG_WARN_NON_LITERAL_NULL_CONVERSION = YES;
				CLANG_WARN_OBJC_IMPLICIT_RETAIN_SELF = YES;
				CLANG_WARN_OBJC_LITERAL_CONVERSION = YES;
				CLANG_WARN_OBJC_ROOT_CLASS = YES_ERROR;
				CLANG_WARN_QUOTED_INCLUDE_IN_FRAMEWORK_HEADER = YES;
				CLANG_WARN_RANGE_LOOP_ANALYSIS = YES;
				CLANG_WARN_STRICT_PROTOTYPES = YES;
				CLANG_WARN_SUSPICIOUS_MOVE = YES;
				CLANG_WARN_UNGUARDED_AVAILABILITY = YES_AGGRESSIVE;
				CLANG_WARN_UNREACHABLE_CODE = YES;
				CLANG_WARN__DUPLICATE_METHOD_MATCH = YES;
				COPY_PHASE_STRIP = NO;
				DEBUG_INFORMATION_FORMAT = "dwarf-with-dsym";
				ENABLE_NS_ASSERTIONS = NO;
				ENABLE_STRICT_OBJC_MSGSEND = YES;
				GCC_C_LANGUAGE_STANDARD = gnu11;
				GCC_NO_COMMON_BLOCKS = YES;
				GCC_WARN_64_TO_32_BIT_CONVERSION = YES;
				GCC_WARN_ABOUT_RETURN_TYPE = YES_ERROR;
				GCC_WARN_UNDECLARED_SELECTOR = YES;
				GCC_WARN_UNINITIALIZED_AUTOS = YES_AGGRESSIVE;
				GCC_WARN_UNUSED_FUNCTION = YES;
				GCC_WARN_UNUSED_VARIABLE = YES;
				IPHONEOS_DEPLOYMENT_TARGET = 15.6;
				MTL_ENABLE_DEBUG_INFO = NO;
				MTL_FAST_MATH = YES;
				SDKROOT = iphoneos;
				SWIFT_COMPILATION_MODE = wholemodule;
				SWIFT_OPTIMIZATION_LEVEL = "-O";
				VALIDATE_PRODUCT = YES;
			};
			name = Release;
		};
		77C1F9402A735E4000D2FBD2 /* Debug */ = {
			isa = XCBuildConfiguration;
			buildSettings = {
				ASSETCATALOG_COMPILER_APPICON_NAME = AppIcon;
				ASSETCATALOG_COMPILER_GLOBAL_ACCENT_COLOR_NAME = AccentColor;
				CODE_SIGN_STYLE = Automatic;
				CURRENT_PROJECT_VERSION = 1;
				DEVELOPMENT_ASSET_PATHS = "\"ARcane-MiniChallenge3/Preview Content\"";
				DEVELOPMENT_TEAM = DYXBWDG6F4;
				ENABLE_PREVIEWS = YES;
				GENERATE_INFOPLIST_FILE = YES;
				INFOPLIST_FILE = "ARcane-MiniChallenge3/Info.plist";
				INFOPLIST_KEY_LSApplicationCategoryType = "public.app-category.games";
				INFOPLIST_KEY_NSCameraUsageDescription = "";
				INFOPLIST_KEY_NSLocalNetworkUsageDescription = "$(MARKETING_VERSION)";
				INFOPLIST_KEY_UIApplicationSupportsIndirectInputEvents = YES;
				INFOPLIST_KEY_UILaunchScreen_Generation = YES;
				INFOPLIST_KEY_UIRequiredDeviceCapabilities = arkit;
				INFOPLIST_KEY_UIRequiresFullScreen = YES;
				INFOPLIST_KEY_UIStatusBarHidden = YES;
				INFOPLIST_KEY_UIStatusBarStyle = UIStatusBarStyleDarkContent;
				INFOPLIST_KEY_UISupportedInterfaceOrientations = UIInterfaceOrientationLandscapeLeft;
				IPHONEOS_DEPLOYMENT_TARGET = 16.0;
				LD_RUNPATH_SEARCH_PATHS = (
					"$(inherited)",
					"@executable_path/Frameworks",
				);
				MARKETING_VERSION = 1.0;
				PRODUCT_BUNDLE_IDENTIFIER = "com.example.apple.ARcane-MiniChallenge3";
				PRODUCT_NAME = "$(TARGET_NAME)";
				SWIFT_EMIT_LOC_STRINGS = YES;
				SWIFT_VERSION = 5.0;
				TARGETED_DEVICE_FAMILY = "1,2";
			};
			name = Debug;
		};
		77C1F9412A735E4000D2FBD2 /* Release */ = {
			isa = XCBuildConfiguration;
			buildSettings = {
				ASSETCATALOG_COMPILER_APPICON_NAME = AppIcon;
				ASSETCATALOG_COMPILER_GLOBAL_ACCENT_COLOR_NAME = AccentColor;
				CODE_SIGN_STYLE = Automatic;
				CURRENT_PROJECT_VERSION = 1;
				DEVELOPMENT_ASSET_PATHS = "\"ARcane-MiniChallenge3/Preview Content\"";
				DEVELOPMENT_TEAM = DYXBWDG6F4;
				ENABLE_PREVIEWS = YES;
				GENERATE_INFOPLIST_FILE = YES;
				INFOPLIST_FILE = "ARcane-MiniChallenge3/Info.plist";
				INFOPLIST_KEY_LSApplicationCategoryType = "public.app-category.games";
				INFOPLIST_KEY_NSCameraUsageDescription = "";
				INFOPLIST_KEY_NSLocalNetworkUsageDescription = "$(MARKETING_VERSION)";
				INFOPLIST_KEY_UIApplicationSupportsIndirectInputEvents = YES;
				INFOPLIST_KEY_UILaunchScreen_Generation = YES;
				INFOPLIST_KEY_UIRequiredDeviceCapabilities = arkit;
				INFOPLIST_KEY_UIRequiresFullScreen = YES;
				INFOPLIST_KEY_UIStatusBarHidden = YES;
				INFOPLIST_KEY_UIStatusBarStyle = UIStatusBarStyleDarkContent;
				INFOPLIST_KEY_UISupportedInterfaceOrientations = UIInterfaceOrientationLandscapeLeft;
				IPHONEOS_DEPLOYMENT_TARGET = 16.0;
				LD_RUNPATH_SEARCH_PATHS = (
					"$(inherited)",
					"@executable_path/Frameworks",
				);
				MARKETING_VERSION = 1.0;
				PRODUCT_BUNDLE_IDENTIFIER = "com.example.apple.ARcane-MiniChallenge3";
				PRODUCT_NAME = "$(TARGET_NAME)";
				SWIFT_EMIT_LOC_STRINGS = YES;
				SWIFT_VERSION = 5.0;
				TARGETED_DEVICE_FAMILY = "1,2";
			};
			name = Release;
		};
/* End XCBuildConfiguration section */

/* Begin XCConfigurationList section */
		77C1F92A2A735E3F00D2FBD2 /* Build configuration list for PBXProject "ARcane-MiniChallenge3" */ = {
			isa = XCConfigurationList;
			buildConfigurations = (
				77C1F93D2A735E4000D2FBD2 /* Debug */,
				77C1F93E2A735E4000D2FBD2 /* Release */,
			);
			defaultConfigurationIsVisible = 0;
			defaultConfigurationName = Release;
		};
		77C1F93F2A735E4000D2FBD2 /* Build configuration list for PBXNativeTarget "ARcane-MiniChallenge3" */ = {
			isa = XCConfigurationList;
			buildConfigurations = (
				77C1F9402A735E4000D2FBD2 /* Debug */,
				77C1F9412A735E4000D2FBD2 /* Release */,
			);
			defaultConfigurationIsVisible = 0;
			defaultConfigurationName = Release;
		};
/* End XCConfigurationList section */

/* Begin XCRemoteSwiftPackageReference section */
		7729332D2A7A04CB006B42F6 /* XCRemoteSwiftPackageReference "multipeer-session" */ = {
			isa = XCRemoteSwiftPackageReference;
			repositoryURL = "https://github.com/RyanKopinskyLLC/multipeer-session";
			requirement = {
				kind = upToNextMajorVersion;
				minimumVersion = 1.0.0;
			};
		};
		77AF6AFE2A89CE6A000DF49B /* XCRemoteSwiftPackageReference "FocusEntity" */ = {
			isa = XCRemoteSwiftPackageReference;
			repositoryURL = "https://github.com/maxxfrazer/FocusEntity";
			requirement = {
				kind = upToNextMajorVersion;
				minimumVersion = 2.0.0;
			};
		};
/* End XCRemoteSwiftPackageReference section */

/* Begin XCSwiftPackageProductDependency section */
		7729332E2A7A04CB006B42F6 /* MultipeerSession */ = {
			isa = XCSwiftPackageProductDependency;
			package = 7729332D2A7A04CB006B42F6 /* XCRemoteSwiftPackageReference "multipeer-session" */;
			productName = MultipeerSession;
		};
		77AF6AFF2A89CE6A000DF49B /* FocusEntity */ = {
			isa = XCSwiftPackageProductDependency;
			package = 77AF6AFE2A89CE6A000DF49B /* XCRemoteSwiftPackageReference "FocusEntity" */;
			productName = FocusEntity;
		};
/* End XCSwiftPackageProductDependency section */
	};
	rootObject = 77C1F9272A735E3F00D2FBD2 /* Project object */;
}
